
Microsoft Visual Studio Solution File, Format Version 12.00
# Visual Studio Version 17
VisualStudioVersion = 17.2.32519.379
MinimumVisualStudioVersion = 10.0.40219.1
Project("{FAE04EC0-301F-11D3-BF4B-00C04F79EFBC}") = "Lotto", "Lotto\Lotto.csproj", "{7404744E-725C-47BC-957E-EBB84E002F1E}"
EndProject
Project("{2150E333-8FDC-42A3-9474-1A3956D46DE8}") = "WPF", "WPF", "{898374DC-9695-4127-8EDF-C1D39F79CB2A}"
EndProject
Project("{9A19103F-16F7-4668-BE54-9A1E7A4F7556}") = "Hianyzasok", "Hianyzasok\Hianyzasok.csproj", "{4B568B8D-7A3D-4D56-B254-B8D6CBF36440}"
EndProject
Project("{2150E333-8FDC-42A3-9474-1A3956D46DE8}") = "LINQ", "LINQ", "{F8601268-BAE2-4271-9D94-9DA6DEBFD12B}"
	ProjectSection(SolutionItems) = preProject
		Fejezet tartalma.txt = Fejezet tartalma.txt
	EndProjectSection
EndProject
Project("{FAE04EC0-301F-11D3-BF4B-00C04F79EFBC}") = "01-Tomb", "01-Tomb\01-Tomb.csproj", "{D9401C72-D8E0-49B6-8548-AD2D5823A99D}"
EndProject
Project("{FAE04EC0-301F-11D3-BF4B-00C04F79EFBC}") = "02-Generic", "02-Generic\02-Generic.csproj", "{179E619B-99B2-4686-A19C-FD159CA1C481}"
EndProject
Project("{9A19103F-16F7-4668-BE54-9A1E7A4F7556}") = "Hianyzas2", "Hianyzas2\Hianyzas2.csproj", "{A372E8A4-6E91-4C9E-A546-961EEC7D42CA}"
EndProject
Project("{FAE04EC0-301F-11D3-BF4B-00C04F79EFBC}") = "03-NonGeneric", "03-NonGeneric\03-NonGeneric.csproj", "{81F5888D-5807-4E6A-8C97-2034738CAC78}"
EndProject
Project("{FAE04EC0-301F-11D3-BF4B-00C04F79EFBC}") = "04-OfType", "04-OfType\04-OfType.csproj", "{D63DC703-11C2-43A4-AB1B-51ACE215E5C0}"
EndProject
Project("{2150E333-8FDC-42A3-9474-1A3956D46DE8}") = "UnitTest", "UnitTest", "{C9D98B4D-8167-483D-A8B1-D395F55F78DC}"
EndProject
Project("{FAE04EC0-301F-11D3-BF4B-00C04F79EFBC}") = "HelloWorld", "HelloWorld\HelloWorld.csproj", "{516DA68B-906C-4335-9B62-12D1781EDE0A}"
EndProject
Project("{FAE04EC0-301F-11D3-BF4B-00C04F79EFBC}") = "HelloWorldTests", "HelloWorldTests\HelloWorldTests.csproj", "{9003AC86-2868-40C2-A14B-E5943989E461}"
EndProject
Project("{FAE04EC0-301F-11D3-BF4B-00C04F79EFBC}") = "Idozites", "Idozites\Idozites.csproj", "{1C95CBEB-279C-4312-BC40-4488182FA9C3}"
EndProject
Project("{9A19103F-16F7-4668-BE54-9A1E7A4F7556}") = "Utemezes", "Utemezes\Utemezes.csproj", "{7C0A1BD4-EF2D-4B5B-A594-863B60FD43F5}"
EndProject
Project("{2150E333-8FDC-42A3-9474-1A3956D46DE8}") = "Forms", "Forms", "{B4771A52-8A36-4EC6-B0A4-C64C005FD8DB}"
EndProject
Project("{FAE04EC0-301F-11D3-BF4B-00C04F79EFBC}") = "Utems", "Utems\Utems.csproj", "{014308D8-81C3-4CCB-912C-6795ECFDF68B}"
EndProject
Project("{2150E333-8FDC-42A3-9474-1A3956D46DE8}") = "TDD", "TDD", "{90563412-D98C-4CB3-82A3-88D032BACE38}"
EndProject
Project("{9A19103F-16F7-4668-BE54-9A1E7A4F7556}") = "MyMath", "MyMath\MyMath.csproj", "{E3B65F7A-6564-4C28-A489-CEEA39022992}"
EndProject
Project("{9A19103F-16F7-4668-BE54-9A1E7A4F7556}") = "MathTests", "MathTests\MathTests.csproj", "{BCA61584-6ACE-4AF1-B812-F1FC758E33DF}"
EndProject
Project("{9A19103F-16F7-4668-BE54-9A1E7A4F7556}") = "NegyzetTDD", "NegyzetTDD\NegyzetTDD.csproj", "{1FF5072F-28D4-4C65-B65E-6D436108D12C}"
EndProject
Project("{9A19103F-16F7-4668-BE54-9A1E7A4F7556}") = "NegyzetTDDTests", "NegyzetTDDTests\NegyzetTDDTests.csproj", "{A3EC765F-AA03-497A-8A2C-39A99BD27728}"
EndProject
Project("{2150E333-8FDC-42A3-9474-1A3956D46DE8}") = "Web", "Web", "{6830EF92-5870-4F07-970D-7A1BE598FF89}"
EndProject
Project("{9A19103F-16F7-4668-BE54-9A1E7A4F7556}") = "AspWeb01", "AspWeb01\AspWeb01.csproj", "{783FF447-9C52-4442-BA43-41D1F39825F9}"
EndProject
Project("{9A19103F-16F7-4668-BE54-9A1E7A4F7556}") = "BlazorApp", "BlazorApp\BlazorApp.csproj", "{DCF472E3-70EA-469B-BE19-F0CB5E3E8A26}"
EndProject
Project("{9A19103F-16F7-4668-BE54-9A1E7A4F7556}") = "BlazorServerApp", "BlazorServerApp\BlazorServerApp.csproj", "{D861A5D9-1EC3-4923-9098-B424295BA705}"
EndProject
Project("{9A19103F-16F7-4668-BE54-9A1E7A4F7556}") = "BlazorServerPizza", "BlazorServerPizza\BlazorServerPizza.csproj", "{85B45937-24DE-4557-836A-546901F189CA}"
EndProject
Project("{2150E333-8FDC-42A3-9474-1A3956D46DE8}") = "TutorialHU", "TutorialHU", "{4303164E-C2AC-48AF-84B1-6B22A06BB64D}"
	ProjectSection(SolutionItems) = preProject
		Tartalom.txt = Tartalom.txt
	EndProjectSection
EndProject
Project("{FAE04EC0-301F-11D3-BF4B-00C04F79EFBC}") = "LinqLambdaTutorialHu", "LinqLambdaTutorialHu\LinqLambdaTutorialHu.csproj", "{93A9131E-7FEA-4B9C-A26C-8D13684E62BE}"
EndProject
Project("{2150E333-8FDC-42A3-9474-1A3956D46DE8}") = "Databases", "Databases", "{FC159E03-EF36-45D3-B4A6-17C0E6000F5F}"
EndProject
Project("{9A19103F-16F7-4668-BE54-9A1E7A4F7556}") = "SqldotNet7", "SqlExpress\SqldotNet7.csproj", "{CFC503D8-6A5A-47EA-8459-DA96C902208F}"
EndProject
Project("{FAE04EC0-301F-11D3-BF4B-00C04F79EFBC}") = "SqldotNet472", "SqldotNet472\SqldotNet472.csproj", "{F5FCCB31-CD7D-4FB1-AEF0-2669182DAF15}"
EndProject
Project("{2150E333-8FDC-42A3-9474-1A3956D46DE8}") = "MySql", "MySql", "{4667A35D-4FD1-4C2B-B666-214422C2FE70}"
EndProject
Project("{2150E333-8FDC-42A3-9474-1A3956D46DE8}") = "MSSqlExpress", "MSSqlExpress", "{D62E5131-A070-44D8-8B9D-8F1C7C24B523}"
EndProject
Project("{FAE04EC0-301F-11D3-BF4B-00C04F79EFBC}") = "Iktato", "Iktato\Iktato.csproj", "{7A24318F-B008-4A8A-88CA-8782E6A89425}"
EndProject
Global
	GlobalSection(SolutionConfigurationPlatforms) = preSolution
		Debug|Any CPU = Debug|Any CPU
		Release|Any CPU = Release|Any CPU
	EndGlobalSection
	GlobalSection(ProjectConfigurationPlatforms) = postSolution
		{7404744E-725C-47BC-957E-EBB84E002F1E}.Debug|Any CPU.ActiveCfg = Debug|Any CPU
		{7404744E-725C-47BC-957E-EBB84E002F1E}.Debug|Any CPU.Build.0 = Debug|Any CPU
		{7404744E-725C-47BC-957E-EBB84E002F1E}.Release|Any CPU.ActiveCfg = Release|Any CPU
		{7404744E-725C-47BC-957E-EBB84E002F1E}.Release|Any CPU.Build.0 = Release|Any CPU
		{4B568B8D-7A3D-4D56-B254-B8D6CBF36440}.Debug|Any CPU.ActiveCfg = Debug|Any CPU
		{4B568B8D-7A3D-4D56-B254-B8D6CBF36440}.Debug|Any CPU.Build.0 = Debug|Any CPU
		{4B568B8D-7A3D-4D56-B254-B8D6CBF36440}.Release|Any CPU.ActiveCfg = Release|Any CPU
		{4B568B8D-7A3D-4D56-B254-B8D6CBF36440}.Release|Any CPU.Build.0 = Release|Any CPU
		{D9401C72-D8E0-49B6-8548-AD2D5823A99D}.Debug|Any CPU.ActiveCfg = Debug|Any CPU
		{D9401C72-D8E0-49B6-8548-AD2D5823A99D}.Debug|Any CPU.Build.0 = Debug|Any CPU
		{D9401C72-D8E0-49B6-8548-AD2D5823A99D}.Release|Any CPU.ActiveCfg = Release|Any CPU
		{D9401C72-D8E0-49B6-8548-AD2D5823A99D}.Release|Any CPU.Build.0 = Release|Any CPU
		{179E619B-99B2-4686-A19C-FD159CA1C481}.Debug|Any CPU.ActiveCfg = Debug|Any CPU
		{179E619B-99B2-4686-A19C-FD159CA1C481}.Debug|Any CPU.Build.0 = Debug|Any CPU
		{179E619B-99B2-4686-A19C-FD159CA1C481}.Release|Any CPU.ActiveCfg = Release|Any CPU
		{179E619B-99B2-4686-A19C-FD159CA1C481}.Release|Any CPU.Build.0 = Release|Any CPU
		{A372E8A4-6E91-4C9E-A546-961EEC7D42CA}.Debug|Any CPU.ActiveCfg = Debug|Any CPU
		{A372E8A4-6E91-4C9E-A546-961EEC7D42CA}.Debug|Any CPU.Build.0 = Debug|Any CPU
		{A372E8A4-6E91-4C9E-A546-961EEC7D42CA}.Release|Any CPU.ActiveCfg = Release|Any CPU
		{A372E8A4-6E91-4C9E-A546-961EEC7D42CA}.Release|Any CPU.Build.0 = Release|Any CPU
		{81F5888D-5807-4E6A-8C97-2034738CAC78}.Debug|Any CPU.ActiveCfg = Debug|Any CPU
		{81F5888D-5807-4E6A-8C97-2034738CAC78}.Debug|Any CPU.Build.0 = Debug|Any CPU
		{81F5888D-5807-4E6A-8C97-2034738CAC78}.Release|Any CPU.ActiveCfg = Release|Any CPU
		{81F5888D-5807-4E6A-8C97-2034738CAC78}.Release|Any CPU.Build.0 = Release|Any CPU
		{D63DC703-11C2-43A4-AB1B-51ACE215E5C0}.Debug|Any CPU.ActiveCfg = Debug|Any CPU
		{D63DC703-11C2-43A4-AB1B-51ACE215E5C0}.Debug|Any CPU.Build.0 = Debug|Any CPU
		{D63DC703-11C2-43A4-AB1B-51ACE215E5C0}.Release|Any CPU.ActiveCfg = Release|Any CPU
		{D63DC703-11C2-43A4-AB1B-51ACE215E5C0}.Release|Any CPU.Build.0 = Release|Any CPU
		{516DA68B-906C-4335-9B62-12D1781EDE0A}.Debug|Any CPU.ActiveCfg = Debug|Any CPU
		{516DA68B-906C-4335-9B62-12D1781EDE0A}.Debug|Any CPU.Build.0 = Debug|Any CPU
		{516DA68B-906C-4335-9B62-12D1781EDE0A}.Release|Any CPU.ActiveCfg = Release|Any CPU
		{516DA68B-906C-4335-9B62-12D1781EDE0A}.Release|Any CPU.Build.0 = Release|Any CPU
		{9003AC86-2868-40C2-A14B-E5943989E461}.Debug|Any CPU.ActiveCfg = Debug|Any CPU
		{9003AC86-2868-40C2-A14B-E5943989E461}.Debug|Any CPU.Build.0 = Debug|Any CPU
		{9003AC86-2868-40C2-A14B-E5943989E461}.Release|Any CPU.ActiveCfg = Release|Any CPU
		{9003AC86-2868-40C2-A14B-E5943989E461}.Release|Any CPU.Build.0 = Release|Any CPU
		{1C95CBEB-279C-4312-BC40-4488182FA9C3}.Debug|Any CPU.ActiveCfg = Debug|Any CPU
		{1C95CBEB-279C-4312-BC40-4488182FA9C3}.Debug|Any CPU.Build.0 = Debug|Any CPU
		{1C95CBEB-279C-4312-BC40-4488182FA9C3}.Release|Any CPU.ActiveCfg = Release|Any CPU
		{1C95CBEB-279C-4312-BC40-4488182FA9C3}.Release|Any CPU.Build.0 = Release|Any CPU
		{7C0A1BD4-EF2D-4B5B-A594-863B60FD43F5}.Debug|Any CPU.ActiveCfg = Debug|Any CPU
		{7C0A1BD4-EF2D-4B5B-A594-863B60FD43F5}.Debug|Any CPU.Build.0 = Debug|Any CPU
		{7C0A1BD4-EF2D-4B5B-A594-863B60FD43F5}.Release|Any CPU.ActiveCfg = Release|Any CPU
		{7C0A1BD4-EF2D-4B5B-A594-863B60FD43F5}.Release|Any CPU.Build.0 = Release|Any CPU
		{014308D8-81C3-4CCB-912C-6795ECFDF68B}.Debug|Any CPU.ActiveCfg = Debug|Any CPU
		{014308D8-81C3-4CCB-912C-6795ECFDF68B}.Debug|Any CPU.Build.0 = Debug|Any CPU
		{014308D8-81C3-4CCB-912C-6795ECFDF68B}.Release|Any CPU.ActiveCfg = Release|Any CPU
		{014308D8-81C3-4CCB-912C-6795ECFDF68B}.Release|Any CPU.Build.0 = Release|Any CPU
		{E3B65F7A-6564-4C28-A489-CEEA39022992}.Debug|Any CPU.ActiveCfg = Debug|Any CPU
		{E3B65F7A-6564-4C28-A489-CEEA39022992}.Debug|Any CPU.Build.0 = Debug|Any CPU
		{E3B65F7A-6564-4C28-A489-CEEA39022992}.Release|Any CPU.ActiveCfg = Release|Any CPU
		{E3B65F7A-6564-4C28-A489-CEEA39022992}.Release|Any CPU.Build.0 = Release|Any CPU
		{BCA61584-6ACE-4AF1-B812-F1FC758E33DF}.Debug|Any CPU.ActiveCfg = Debug|Any CPU
		{BCA61584-6ACE-4AF1-B812-F1FC758E33DF}.Debug|Any CPU.Build.0 = Debug|Any CPU
		{BCA61584-6ACE-4AF1-B812-F1FC758E33DF}.Release|Any CPU.ActiveCfg = Release|Any CPU
		{BCA61584-6ACE-4AF1-B812-F1FC758E33DF}.Release|Any CPU.Build.0 = Release|Any CPU
		{1FF5072F-28D4-4C65-B65E-6D436108D12C}.Debug|Any CPU.ActiveCfg = Debug|Any CPU
		{1FF5072F-28D4-4C65-B65E-6D436108D12C}.Debug|Any CPU.Build.0 = Debug|Any CPU
		{1FF5072F-28D4-4C65-B65E-6D436108D12C}.Release|Any CPU.ActiveCfg = Release|Any CPU
		{1FF5072F-28D4-4C65-B65E-6D436108D12C}.Release|Any CPU.Build.0 = Release|Any CPU
		{A3EC765F-AA03-497A-8A2C-39A99BD27728}.Debug|Any CPU.ActiveCfg = Debug|Any CPU
		{A3EC765F-AA03-497A-8A2C-39A99BD27728}.Debug|Any CPU.Build.0 = Debug|Any CPU
		{A3EC765F-AA03-497A-8A2C-39A99BD27728}.Release|Any CPU.ActiveCfg = Release|Any CPU
		{A3EC765F-AA03-497A-8A2C-39A99BD27728}.Release|Any CPU.Build.0 = Release|Any CPU
		{783FF447-9C52-4442-BA43-41D1F39825F9}.Debug|Any CPU.ActiveCfg = Debug|Any CPU
		{783FF447-9C52-4442-BA43-41D1F39825F9}.Debug|Any CPU.Build.0 = Debug|Any CPU
		{783FF447-9C52-4442-BA43-41D1F39825F9}.Release|Any CPU.ActiveCfg = Release|Any CPU
		{783FF447-9C52-4442-BA43-41D1F39825F9}.Release|Any CPU.Build.0 = Release|Any CPU
		{DCF472E3-70EA-469B-BE19-F0CB5E3E8A26}.Debug|Any CPU.ActiveCfg = Debug|Any CPU
		{DCF472E3-70EA-469B-BE19-F0CB5E3E8A26}.Debug|Any CPU.Build.0 = Debug|Any CPU
		{DCF472E3-70EA-469B-BE19-F0CB5E3E8A26}.Release|Any CPU.ActiveCfg = Release|Any CPU
		{DCF472E3-70EA-469B-BE19-F0CB5E3E8A26}.Release|Any CPU.Build.0 = Release|Any CPU
		{D861A5D9-1EC3-4923-9098-B424295BA705}.Debug|Any CPU.ActiveCfg = Debug|Any CPU
		{D861A5D9-1EC3-4923-9098-B424295BA705}.Debug|Any CPU.Build.0 = Debug|Any CPU
		{D861A5D9-1EC3-4923-9098-B424295BA705}.Release|Any CPU.ActiveCfg = Release|Any CPU
		{D861A5D9-1EC3-4923-9098-B424295BA705}.Release|Any CPU.Build.0 = Release|Any CPU
		{85B45937-24DE-4557-836A-546901F189CA}.Debug|Any CPU.ActiveCfg = Debug|Any CPU
		{85B45937-24DE-4557-836A-546901F189CA}.Debug|Any CPU.Build.0 = Debug|Any CPU
		{85B45937-24DE-4557-836A-546901F189CA}.Release|Any CPU.ActiveCfg = Release|Any CPU
		{85B45937-24DE-4557-836A-546901F189CA}.Release|Any CPU.Build.0 = Release|Any CPU
		{93A9131E-7FEA-4B9C-A26C-8D13684E62BE}.Debug|Any CPU.ActiveCfg = Debug|Any CPU
		{93A9131E-7FEA-4B9C-A26C-8D13684E62BE}.Debug|Any CPU.Build.0 = Debug|Any CPU
		{93A9131E-7FEA-4B9C-A26C-8D13684E62BE}.Release|Any CPU.ActiveCfg = Release|Any CPU
		{93A9131E-7FEA-4B9C-A26C-8D13684E62BE}.Release|Any CPU.Build.0 = Release|Any CPU
		{CFC503D8-6A5A-47EA-8459-DA96C902208F}.Debug|Any CPU.ActiveCfg = Debug|Any CPU
		{CFC503D8-6A5A-47EA-8459-DA96C902208F}.Debug|Any CPU.Build.0 = Debug|Any CPU
		{CFC503D8-6A5A-47EA-8459-DA96C902208F}.Release|Any CPU.ActiveCfg = Release|Any CPU
		{CFC503D8-6A5A-47EA-8459-DA96C902208F}.Release|Any CPU.Build.0 = Release|Any CPU
		{F5FCCB31-CD7D-4FB1-AEF0-2669182DAF15}.Debug|Any CPU.ActiveCfg = Debug|Any CPU
		{F5FCCB31-CD7D-4FB1-AEF0-2669182DAF15}.Debug|Any CPU.Build.0 = Debug|Any CPU
		{F5FCCB31-CD7D-4FB1-AEF0-2669182DAF15}.Release|Any CPU.ActiveCfg = Release|Any CPU
		{F5FCCB31-CD7D-4FB1-AEF0-2669182DAF15}.Release|Any CPU.Build.0 = Release|Any CPU
		{7A24318F-B008-4A8A-88CA-8782E6A89425}.Debug|Any CPU.ActiveCfg = Debug|Any CPU
		{7A24318F-B008-4A8A-88CA-8782E6A89425}.Debug|Any CPU.Build.0 = Debug|Any CPU
		{7A24318F-B008-4A8A-88CA-8782E6A89425}.Release|Any CPU.ActiveCfg = Release|Any CPU
		{7A24318F-B008-4A8A-88CA-8782E6A89425}.Release|Any CPU.Build.0 = Release|Any CPU
	EndGlobalSection
	GlobalSection(SolutionProperties) = preSolution
		HideSolutionNode = FALSE
	EndGlobalSection
	GlobalSection(NestedProjects) = preSolution
		{4B568B8D-7A3D-4D56-B254-B8D6CBF36440} = {898374DC-9695-4127-8EDF-C1D39F79CB2A}
		{D9401C72-D8E0-49B6-8548-AD2D5823A99D} = {F8601268-BAE2-4271-9D94-9DA6DEBFD12B}
		{179E619B-99B2-4686-A19C-FD159CA1C481} = {F8601268-BAE2-4271-9D94-9DA6DEBFD12B}
		{A372E8A4-6E91-4C9E-A546-961EEC7D42CA} = {898374DC-9695-4127-8EDF-C1D39F79CB2A}
		{81F5888D-5807-4E6A-8C97-2034738CAC78} = {F8601268-BAE2-4271-9D94-9DA6DEBFD12B}
		{D63DC703-11C2-43A4-AB1B-51ACE215E5C0} = {F8601268-BAE2-4271-9D94-9DA6DEBFD12B}
		{516DA68B-906C-4335-9B62-12D1781EDE0A} = {C9D98B4D-8167-483D-A8B1-D395F55F78DC}
		{9003AC86-2868-40C2-A14B-E5943989E461} = {C9D98B4D-8167-483D-A8B1-D395F55F78DC}
		{014308D8-81C3-4CCB-912C-6795ECFDF68B} = {B4771A52-8A36-4EC6-B0A4-C64C005FD8DB}
		{E3B65F7A-6564-4C28-A489-CEEA39022992} = {90563412-D98C-4CB3-82A3-88D032BACE38}
		{BCA61584-6ACE-4AF1-B812-F1FC758E33DF} = {90563412-D98C-4CB3-82A3-88D032BACE38}
		{1FF5072F-28D4-4C65-B65E-6D436108D12C} = {90563412-D98C-4CB3-82A3-88D032BACE38}
		{A3EC765F-AA03-497A-8A2C-39A99BD27728} = {90563412-D98C-4CB3-82A3-88D032BACE38}
		{783FF447-9C52-4442-BA43-41D1F39825F9} = {6830EF92-5870-4F07-970D-7A1BE598FF89}
		{DCF472E3-70EA-469B-BE19-F0CB5E3E8A26} = {6830EF92-5870-4F07-970D-7A1BE598FF89}
		{D861A5D9-1EC3-4923-9098-B424295BA705} = {6830EF92-5870-4F07-970D-7A1BE598FF89}
		{85B45937-24DE-4557-836A-546901F189CA} = {6830EF92-5870-4F07-970D-7A1BE598FF89}
		{4303164E-C2AC-48AF-84B1-6B22A06BB64D} = {F8601268-BAE2-4271-9D94-9DA6DEBFD12B}
		{93A9131E-7FEA-4B9C-A26C-8D13684E62BE} = {4303164E-C2AC-48AF-84B1-6B22A06BB64D}
		{CFC503D8-6A5A-47EA-8459-DA96C902208F} = {D62E5131-A070-44D8-8B9D-8F1C7C24B523}
		{F5FCCB31-CD7D-4FB1-AEF0-2669182DAF15} = {D62E5131-A070-44D8-8B9D-8F1C7C24B523}
		{4667A35D-4FD1-4C2B-B666-214422C2FE70} = {FC159E03-EF36-45D3-B4A6-17C0E6000F5F}
		{D62E5131-A070-44D8-8B9D-8F1C7C24B523} = {FC159E03-EF36-45D3-B4A6-17C0E6000F5F}
		{7A24318F-B008-4A8A-88CA-8782E6A89425} = {4667A35D-4FD1-4C2B-B666-214422C2FE70}
	EndGlobalSection
	GlobalSection(ExtensibilityGlobals) = postSolution
		SolutionGuid = {DCF25FFC-AE53-4BDA-8FE4-E42209FD25AE}
	EndGlobalSection
EndGlobal
