
Microsoft Visual Studio Solution File, Format Version 12.00
# Visual Studio Version 17
VisualStudioVersion = 17.2.32519.379
MinimumVisualStudioVersion = 10.0.40219.1
Project("{FAE04EC0-301F-11D3-BF4B-00C04F79EFBC}") = "Lotto", "Lotto\Lotto.csproj", "{7404744E-725C-47BC-957E-EBB84E002F1E}"
EndProject
Project("{2150E333-8FDC-42A3-9474-1A3956D46DE8}") = "WPF", "WPF", "{898374DC-9695-4127-8EDF-C1D39F79CB2A}"
EndProject
Project("{9A19103F-16F7-4668-BE54-9A1E7A4F7556}") = "Hianyzasok", "Hianyzasok\Hianyzasok.csproj", "{4B568B8D-7A3D-4D56-B254-B8D6CBF36440}"
EndProject
Project("{2150E333-8FDC-42A3-9474-1A3956D46DE8}") = "LINQ", "LINQ", "{F8601268-BAE2-4271-9D94-9DA6DEBFD12B}"
	ProjectSection(SolutionItems) = preProject
		Fejezet tartalma.txt = Fejezet tartalma.txt
	EndProjectSection
EndProject
Project("{FAE04EC0-301F-11D3-BF4B-00C04F79EFBC}") = "01-Tomb", "01-Tomb\01-Tomb.csproj", "{D9401C72-D8E0-49B6-8548-AD2D5823A99D}"
EndProject
Project("{FAE04EC0-301F-11D3-BF4B-00C04F79EFBC}") = "02-Generic", "02-Generic\02-Generic.csproj", "{179E619B-99B2-4686-A19C-FD159CA1C481}"
EndProject
Project("{9A19103F-16F7-4668-BE54-9A1E7A4F7556}") = "Hianyzas2", "Hianyzas2\Hianyzas2.csproj", "{A372E8A4-6E91-4C9E-A546-961EEC7D42CA}"
EndProject
Project("{FAE04EC0-301F-11D3-BF4B-00C04F79EFBC}") = "03-NonGeneric", "03-NonGeneric\03-NonGeneric.csproj", "{81F5888D-5807-4E6A-8C97-2034738CAC78}"
EndProject
Project("{FAE04EC0-301F-11D3-BF4B-00C04F79EFBC}") = "04-OfType", "04-OfType\04-OfType.csproj", "{D63DC703-11C2-43A4-AB1B-51ACE215E5C0}"
EndProject
Global
	GlobalSection(SolutionConfigurationPlatforms) = preSolution
		Debug|Any CPU = Debug|Any CPU
		Release|Any CPU = Release|Any CPU
	EndGlobalSection
	GlobalSection(ProjectConfigurationPlatforms) = postSolution
		{7404744E-725C-47BC-957E-EBB84E002F1E}.Debug|Any CPU.ActiveCfg = Debug|Any CPU
		{7404744E-725C-47BC-957E-EBB84E002F1E}.Debug|Any CPU.Build.0 = Debug|Any CPU
		{7404744E-725C-47BC-957E-EBB84E002F1E}.Release|Any CPU.ActiveCfg = Release|Any CPU
		{7404744E-725C-47BC-957E-EBB84E002F1E}.Release|Any CPU.Build.0 = Release|Any CPU
		{4B568B8D-7A3D-4D56-B254-B8D6CBF36440}.Debug|Any CPU.ActiveCfg = Debug|Any CPU
		{4B568B8D-7A3D-4D56-B254-B8D6CBF36440}.Debug|Any CPU.Build.0 = Debug|Any CPU
		{4B568B8D-7A3D-4D56-B254-B8D6CBF36440}.Release|Any CPU.ActiveCfg = Release|Any CPU
		{4B568B8D-7A3D-4D56-B254-B8D6CBF36440}.Release|Any CPU.Build.0 = Release|Any CPU
		{D9401C72-D8E0-49B6-8548-AD2D5823A99D}.Debug|Any CPU.ActiveCfg = Debug|Any CPU
		{D9401C72-D8E0-49B6-8548-AD2D5823A99D}.Debug|Any CPU.Build.0 = Debug|Any CPU
		{D9401C72-D8E0-49B6-8548-AD2D5823A99D}.Release|Any CPU.ActiveCfg = Release|Any CPU
		{D9401C72-D8E0-49B6-8548-AD2D5823A99D}.Release|Any CPU.Build.0 = Release|Any CPU
		{179E619B-99B2-4686-A19C-FD159CA1C481}.Debug|Any CPU.ActiveCfg = Debug|Any CPU
		{179E619B-99B2-4686-A19C-FD159CA1C481}.Debug|Any CPU.Build.0 = Debug|Any CPU
		{179E619B-99B2-4686-A19C-FD159CA1C481}.Release|Any CPU.ActiveCfg = Release|Any CPU
		{179E619B-99B2-4686-A19C-FD159CA1C481}.Release|Any CPU.Build.0 = Release|Any CPU
		{A372E8A4-6E91-4C9E-A546-961EEC7D42CA}.Debug|Any CPU.ActiveCfg = Debug|Any CPU
		{A372E8A4-6E91-4C9E-A546-961EEC7D42CA}.Debug|Any CPU.Build.0 = Debug|Any CPU
		{A372E8A4-6E91-4C9E-A546-961EEC7D42CA}.Release|Any CPU.ActiveCfg = Release|Any CPU
		{A372E8A4-6E91-4C9E-A546-961EEC7D42CA}.Release|Any CPU.Build.0 = Release|Any CPU
		{81F5888D-5807-4E6A-8C97-2034738CAC78}.Debug|Any CPU.ActiveCfg = Debug|Any CPU
		{81F5888D-5807-4E6A-8C97-2034738CAC78}.Debug|Any CPU.Build.0 = Debug|Any CPU
		{81F5888D-5807-4E6A-8C97-2034738CAC78}.Release|Any CPU.ActiveCfg = Release|Any CPU
		{81F5888D-5807-4E6A-8C97-2034738CAC78}.Release|Any CPU.Build.0 = Release|Any CPU
		{D63DC703-11C2-43A4-AB1B-51ACE215E5C0}.Debug|Any CPU.ActiveCfg = Debug|Any CPU
		{D63DC703-11C2-43A4-AB1B-51ACE215E5C0}.Debug|Any CPU.Build.0 = Debug|Any CPU
		{D63DC703-11C2-43A4-AB1B-51ACE215E5C0}.Release|Any CPU.ActiveCfg = Release|Any CPU
		{D63DC703-11C2-43A4-AB1B-51ACE215E5C0}.Release|Any CPU.Build.0 = Release|Any CPU
	EndGlobalSection
	GlobalSection(SolutionProperties) = preSolution
		HideSolutionNode = FALSE
	EndGlobalSection
	GlobalSection(NestedProjects) = preSolution
		{4B568B8D-7A3D-4D56-B254-B8D6CBF36440} = {898374DC-9695-4127-8EDF-C1D39F79CB2A}
		{D9401C72-D8E0-49B6-8548-AD2D5823A99D} = {F8601268-BAE2-4271-9D94-9DA6DEBFD12B}
		{179E619B-99B2-4686-A19C-FD159CA1C481} = {F8601268-BAE2-4271-9D94-9DA6DEBFD12B}
		{A372E8A4-6E91-4C9E-A546-961EEC7D42CA} = {898374DC-9695-4127-8EDF-C1D39F79CB2A}
		{81F5888D-5807-4E6A-8C97-2034738CAC78} = {F8601268-BAE2-4271-9D94-9DA6DEBFD12B}
		{D63DC703-11C2-43A4-AB1B-51ACE215E5C0} = {F8601268-BAE2-4271-9D94-9DA6DEBFD12B}
	EndGlobalSection
	GlobalSection(ExtensibilityGlobals) = postSolution
		SolutionGuid = {DCF25FFC-AE53-4BDA-8FE4-E42209FD25AE}
	EndGlobalSection
EndGlobal
